
Microsoft Visual Studio Solution File, Format Version 12.00
# Visual Studio 2012
Project("{FAE04EC0-301F-11D3-BF4B-00C04F79EFBC}") = "Jufine.Backend.Security.WebUI", "..\..\Projects\Security\Jufine.Backend.Security.WebUI\Jufine.Backend.Security.WebUI.csproj", "{CAB8205A-7F61-4A77-9A0E-AB1E73130214}"
EndProject
Project("{2150E333-8FDC-42A3-9474-1A3956D46DE8}") = "BaseLib", "BaseLib", "{4DD347E7-5B27-4405-B9F1-F34D8092D9C5}"
EndProject
Project("{FAE04EC0-301F-11D3-BF4B-00C04F79EFBC}") = "Com.BaseLibrary.Caching", "..\..\BaseLibrary\Com.BaseLibrary.Caching\Com.BaseLibrary.Caching.csproj", "{56D0C66C-5BB8-48F8-AA51-61B09F1AAFF1}"
EndProject
Project("{FAE04EC0-301F-11D3-BF4B-00C04F79EFBC}") = "Com.BaseLibrary.Common", "..\..\BaseLibrary\Com.BaseLibrary.Common\Com.BaseLibrary.Common.csproj", "{F91D3D96-58F0-4CE6-9D7D-AD65805E3B97}"
EndProject
Project("{FAE04EC0-301F-11D3-BF4B-00C04F79EFBC}") = "Com.BaseLibrary.DataAccess", "..\..\BaseLibrary\Com.BaseLibrary.Data\Com.BaseLibrary.DataAccess.csproj", "{C0605531-E304-43AB-820C-C282A1748A27}"
EndProject
Project("{FAE04EC0-301F-11D3-BF4B-00C04F79EFBC}") = "Com.BaseLibrary.Payment", "..\..\BaseLibrary\Com.BaseLibrary.Payment\Com.BaseLibrary.Payment.csproj", "{FA2987F5-0C9E-4369-8F06-2E9A36ADBC81}"
EndProject
Project("{FAE04EC0-301F-11D3-BF4B-00C04F79EFBC}") = "Com.BaseLibrary.Service", "..\..\BaseLibrary\Com.BaseLibrary.Service\Com.BaseLibrary.Service.csproj", "{D5AE48B5-DEDE-4916-9642-9E3533C877AE}"
EndProject
Project("{FAE04EC0-301F-11D3-BF4B-00C04F79EFBC}") = "Com.BaseLibrary.Session", "..\..\BaseLibrary\Com.BaseLibrary.Session\Com.BaseLibrary.Session.csproj", "{9FD6D6CA-63FD-4B71-A288-96BAF620A791}"
EndProject
Project("{FAE04EC0-301F-11D3-BF4B-00C04F79EFBC}") = "Com.BaseLibrary.Web", "..\..\BaseLibrary\Com.BaseLibrary.Web\Com.BaseLibrary.Web.csproj", "{F20620BD-CD1F-4A7C-99A9-6D3D4B0A1A53}"
EndProject
Project("{2150E333-8FDC-42A3-9474-1A3956D46DE8}") = "Security", "Security", "{28C88093-591C-4B43-8400-8CBFA4B4C3AA}"
EndProject
Project("{FAE04EC0-301F-11D3-BF4B-00C04F79EFBC}") = "Jufine.Backend.Security.Contract", "..\..\Projects\Security\Jufine.Backend.Security.Contract\Jufine.Backend.Security.Contract.csproj", "{268AD959-A9FC-4BB7-9021-EDCCE77FB97C}"
EndProject
Project("{FAE04EC0-301F-11D3-BF4B-00C04F79EFBC}") = "Jufine.Backend.Security.ServiceImplement", "..\..\Projects\Security\Jufine.Backend.Security.ServiceImplement\Jufine.Backend.Security.ServiceImplement.csproj", "{99023D2E-1974-4D15-A665-728634003B78}"
EndProject
Project("{FAE04EC0-301F-11D3-BF4B-00C04F79EFBC}") = "Jufine.Backend.WebModel", "..\..\Jufine.Backend.WebModel\Jufine.Backend.WebModel.csproj", "{4A972F3B-9381-4ADF-9008-C0D0D62D4DFA}"
EndProject
Project("{2150E333-8FDC-42A3-9474-1A3956D46DE8}") = "Framework", "Framework", "{39B44E1B-C778-4199-BA6E-829D7AECA98C}"
EndProject
Project("{FAE04EC0-301F-11D3-BF4B-00C04F79EFBC}") = "EntityFramework.Extended.net40", "..\..\Framework\EntityFramework.Extended\EntityFramework.Extended.net40.csproj", "{D390C235-242C-4E92-9E0B-D2463E87B0F0}"
EndProject
Project("{FAE04EC0-301F-11D3-BF4B-00C04F79EFBC}") = "Jufine.Backend.Security.Authentication", "..\..\Projects\Security\Jufine.Backend.Security.Authentication\Jufine.Backend.Security.Authentication.csproj", "{8CEE82C9-1DD6-49DA-841F-AFE3A87D6396}"
EndProject
Global
	GlobalSection(TeamFoundationVersionControl) = preSolution
		SccNumberOfProjects = 13
		SccEnterpriseProvider = {4CA58AB2-18FA-4F8D-95D4-32DDF27D184C}
		SccTeamFoundationServer = https://deanzhou.visualstudio.com/defaultcollection
		SccProjectUniqueName0 = ..\\..\\Projects\\Security\\Jufine.Backend.Security.WebUI\\Jufine.Backend.Security.WebUI.csproj
		SccProjectTopLevelParentUniqueName0 = SecuritySolution.sln
		SccProjectName0 = ../../Projects/Security/Jufine.Backend.Security.WebUI
		SccAuxPath0 = https://deanzhou.visualstudio.com/defaultcollection
		SccLocalPath0 = ..\\..\\Projects\\Security\\Jufine.Backend.Security.WebUI
		SccProvider0 = {4CA58AB2-18FA-4F8D-95D4-32DDF27D184C}
		SccProjectUniqueName1 = ..\\..\\BaseLibrary\\Com.BaseLibrary.Caching\\Com.BaseLibrary.Caching.csproj
		SccProjectTopLevelParentUniqueName1 = SecuritySolution.sln
		SccProjectName1 = ../../BaseLibrary/Com.BaseLibrary.Caching
		SccAuxPath1 = https://deanzhou.visualstudio.com/defaultcollection
		SccLocalPath1 = ..\\..\\BaseLibrary\\Com.BaseLibrary.Caching
		SccProvider1 = {4CA58AB2-18FA-4F8D-95D4-32DDF27D184C}
		SccProjectUniqueName2 = ..\\..\\BaseLibrary\\Com.BaseLibrary.Common\\Com.BaseLibrary.Common.csproj
		SccProjectTopLevelParentUniqueName2 = SecuritySolution.sln
		SccProjectName2 = ../../BaseLibrary/Com.BaseLibrary.Common
		SccAuxPath2 = https://deanzhou.visualstudio.com/defaultcollection
		SccLocalPath2 = ..\\..\\BaseLibrary\\Com.BaseLibrary.Common
		SccProvider2 = {4CA58AB2-18FA-4F8D-95D4-32DDF27D184C}
		SccProjectUniqueName3 = ..\\..\\BaseLibrary\\Com.BaseLibrary.Data\\Com.BaseLibrary.DataAccess.csproj
		SccProjectTopLevelParentUniqueName3 = SecuritySolution.sln
		SccProjectName3 = ../../BaseLibrary/Com.BaseLibrary.Data
		SccAuxPath3 = https://deanzhou.visualstudio.com/defaultcollection
		SccLocalPath3 = ..\\..\\BaseLibrary\\Com.BaseLibrary.Data
		SccProvider3 = {4CA58AB2-18FA-4F8D-95D4-32DDF27D184C}
		SccProjectUniqueName4 = ..\\..\\BaseLibrary\\Com.BaseLibrary.Payment\\Com.BaseLibrary.Payment.csproj
		SccProjectTopLevelParentUniqueName4 = SecuritySolution.sln
		SccProjectName4 = ../../BaseLibrary/Com.BaseLibrary.Payment
		SccAuxPath4 = https://deanzhou.visualstudio.com/defaultcollection
		SccLocalPath4 = ..\\..\\BaseLibrary\\Com.BaseLibrary.Payment
		SccProvider4 = {4CA58AB2-18FA-4F8D-95D4-32DDF27D184C}
		SccProjectUniqueName5 = ..\\..\\BaseLibrary\\Com.BaseLibrary.Service\\Com.BaseLibrary.Service.csproj
		SccProjectTopLevelParentUniqueName5 = SecuritySolution.sln
		SccProjectName5 = ../../BaseLibrary/Com.BaseLibrary.Service
		SccAuxPath5 = https://deanzhou.visualstudio.com/defaultcollection
		SccLocalPath5 = ..\\..\\BaseLibrary\\Com.BaseLibrary.Service
		SccProvider5 = {4CA58AB2-18FA-4F8D-95D4-32DDF27D184C}
		SccProjectUniqueName6 = ..\\..\\BaseLibrary\\Com.BaseLibrary.Session\\Com.BaseLibrary.Session.csproj
		SccProjectTopLevelParentUniqueName6 = SecuritySolution.sln
		SccProjectName6 = ../../BaseLibrary/Com.BaseLibrary.Session
		SccAuxPath6 = https://deanzhou.visualstudio.com/defaultcollection
		SccLocalPath6 = ..\\..\\BaseLibrary\\Com.BaseLibrary.Session
		SccProvider6 = {4CA58AB2-18FA-4F8D-95D4-32DDF27D184C}
		SccProjectUniqueName7 = ..\\..\\BaseLibrary\\Com.BaseLibrary.Web\\Com.BaseLibrary.Web.csproj
		SccProjectTopLevelParentUniqueName7 = SecuritySolution.sln
		SccProjectName7 = ../../BaseLibrary/Com.BaseLibrary.Web
		SccAuxPath7 = https://deanzhou.visualstudio.com/defaultcollection
		SccLocalPath7 = ..\\..\\BaseLibrary\\Com.BaseLibrary.Web
		SccProvider7 = {4CA58AB2-18FA-4F8D-95D4-32DDF27D184C}
		SccProjectUniqueName8 = ..\\..\\Projects\\Security\\Jufine.Backend.Security.Contract\\Jufine.Backend.Security.Contract.csproj
		SccProjectTopLevelParentUniqueName8 = SecuritySolution.sln
		SccProjectName8 = ../../Projects/Security/Jufine.Backend.Security.Contract
		SccAuxPath8 = https://deanzhou.visualstudio.com/defaultcollection
		SccLocalPath8 = ..\\..\\Projects\\Security\\Jufine.Backend.Security.Contract
		SccProvider8 = {4CA58AB2-18FA-4F8D-95D4-32DDF27D184C}
		SccProjectUniqueName9 = ..\\..\\Projects\\Security\\Jufine.Backend.Security.ServiceImplement\\Jufine.Backend.Security.ServiceImplement.csproj
		SccProjectTopLevelParentUniqueName9 = SecuritySolution.sln
		SccProjectName9 = ../../Projects/Security/Jufine.Backend.Security.ServiceImplement
		SccAuxPath9 = https://deanzhou.visualstudio.com/defaultcollection
		SccLocalPath9 = ..\\..\\Projects\\Security\\Jufine.Backend.Security.ServiceImplement
		SccProvider9 = {4CA58AB2-18FA-4F8D-95D4-32DDF27D184C}
		SccProjectUniqueName10 = ..\\..\\Jufine.Backend.WebModel\\Jufine.Backend.WebModel.csproj
		SccProjectName10 = ../../Jufine.Backend.WebModel
		SccAuxPath10 = https://deanzhou.visualstudio.com/defaultcollection
		SccLocalPath10 = ..\\..\\Jufine.Backend.WebModel
		SccProvider10 = {4CA58AB2-18FA-4F8D-95D4-32DDF27D184C}
		SccProjectUniqueName11 = ..\\..\\Framework\\EntityFramework.Extended\\EntityFramework.Extended.net40.csproj
		SccProjectTopLevelParentUniqueName11 = SecuritySolution.sln
		SccProjectName11 = ../../Framework/EntityFramework.Extended
		SccAuxPath11 = https://deanzhou.visualstudio.com/defaultcollection
		SccLocalPath11 = ..\\..\\Framework\\EntityFramework.Extended
		SccProvider11 = {4CA58AB2-18FA-4F8D-95D4-32DDF27D184C}
		SccProjectUniqueName12 = ..\\..\\Projects\\Security\\Jufine.Backend.Security.Authentication\\Jufine.Backend.Security.Authentication.csproj
		SccProjectTopLevelParentUniqueName12 = SecuritySolution.sln
		SccProjectName12 = ../../Projects/Security/Jufine.Backend.Security.Authentication
		SccAuxPath12 = https://deanzhou.visualstudio.com/defaultcollection
		SccLocalPath12 = ..\\..\\Projects\\Security\\Jufine.Backend.Security.Authentication
		SccProvider12 = {4CA58AB2-18FA-4F8D-95D4-32DDF27D184C}
	EndGlobalSection
	GlobalSection(SolutionConfigurationPlatforms) = preSolution
		Debug|Any CPU = Debug|Any CPU
		Release|Any CPU = Release|Any CPU
	EndGlobalSection
	GlobalSection(ProjectConfigurationPlatforms) = postSolution
		{CAB8205A-7F61-4A77-9A0E-AB1E73130214}.Debug|Any CPU.ActiveCfg = Debug|Any CPU
		{CAB8205A-7F61-4A77-9A0E-AB1E73130214}.Debug|Any CPU.Build.0 = Debug|Any CPU
		{CAB8205A-7F61-4A77-9A0E-AB1E73130214}.Release|Any CPU.ActiveCfg = Release|Any CPU
		{CAB8205A-7F61-4A77-9A0E-AB1E73130214}.Release|Any CPU.Build.0 = Release|Any CPU
		{56D0C66C-5BB8-48F8-AA51-61B09F1AAFF1}.Debug|Any CPU.ActiveCfg = Debug|Any CPU
		{56D0C66C-5BB8-48F8-AA51-61B09F1AAFF1}.Debug|Any CPU.Build.0 = Debug|Any CPU
		{56D0C66C-5BB8-48F8-AA51-61B09F1AAFF1}.Release|Any CPU.ActiveCfg = Release|Any CPU
		{56D0C66C-5BB8-48F8-AA51-61B09F1AAFF1}.Release|Any CPU.Build.0 = Release|Any CPU
		{F91D3D96-58F0-4CE6-9D7D-AD65805E3B97}.Debug|Any CPU.ActiveCfg = Debug|Any CPU
		{F91D3D96-58F0-4CE6-9D7D-AD65805E3B97}.Debug|Any CPU.Build.0 = Debug|Any CPU
		{F91D3D96-58F0-4CE6-9D7D-AD65805E3B97}.Release|Any CPU.ActiveCfg = Release|Any CPU
		{F91D3D96-58F0-4CE6-9D7D-AD65805E3B97}.Release|Any CPU.Build.0 = Release|Any CPU
		{C0605531-E304-43AB-820C-C282A1748A27}.Debug|Any CPU.ActiveCfg = Debug|Any CPU
		{C0605531-E304-43AB-820C-C282A1748A27}.Debug|Any CPU.Build.0 = Debug|Any CPU
		{C0605531-E304-43AB-820C-C282A1748A27}.Release|Any CPU.ActiveCfg = Release|Any CPU
		{C0605531-E304-43AB-820C-C282A1748A27}.Release|Any CPU.Build.0 = Release|Any CPU
		{FA2987F5-0C9E-4369-8F06-2E9A36ADBC81}.Debug|Any CPU.ActiveCfg = Debug|Any CPU
		{FA2987F5-0C9E-4369-8F06-2E9A36ADBC81}.Debug|Any CPU.Build.0 = Debug|Any CPU
		{FA2987F5-0C9E-4369-8F06-2E9A36ADBC81}.Release|Any CPU.ActiveCfg = Release|Any CPU
		{FA2987F5-0C9E-4369-8F06-2E9A36ADBC81}.Release|Any CPU.Build.0 = Release|Any CPU
		{D5AE48B5-DEDE-4916-9642-9E3533C877AE}.Debug|Any CPU.ActiveCfg = Debug|Any CPU
		{D5AE48B5-DEDE-4916-9642-9E3533C877AE}.Debug|Any CPU.Build.0 = Debug|Any CPU
		{D5AE48B5-DEDE-4916-9642-9E3533C877AE}.Release|Any CPU.ActiveCfg = Release|Any CPU
		{D5AE48B5-DEDE-4916-9642-9E3533C877AE}.Release|Any CPU.Build.0 = Release|Any CPU
		{9FD6D6CA-63FD-4B71-A288-96BAF620A791}.Debug|Any CPU.ActiveCfg = Debug|Any CPU
		{9FD6D6CA-63FD-4B71-A288-96BAF620A791}.Debug|Any CPU.Build.0 = Debug|Any CPU
		{9FD6D6CA-63FD-4B71-A288-96BAF620A791}.Release|Any CPU.ActiveCfg = Release|Any CPU
		{9FD6D6CA-63FD-4B71-A288-96BAF620A791}.Release|Any CPU.Build.0 = Release|Any CPU
		{F20620BD-CD1F-4A7C-99A9-6D3D4B0A1A53}.Debug|Any CPU.ActiveCfg = Debug|Any CPU
		{F20620BD-CD1F-4A7C-99A9-6D3D4B0A1A53}.Debug|Any CPU.Build.0 = Debug|Any CPU
		{F20620BD-CD1F-4A7C-99A9-6D3D4B0A1A53}.Release|Any CPU.ActiveCfg = Release|Any CPU
		{F20620BD-CD1F-4A7C-99A9-6D3D4B0A1A53}.Release|Any CPU.Build.0 = Release|Any CPU
		{268AD959-A9FC-4BB7-9021-EDCCE77FB97C}.Debug|Any CPU.ActiveCfg = Debug|Any CPU
		{268AD959-A9FC-4BB7-9021-EDCCE77FB97C}.Debug|Any CPU.Build.0 = Debug|Any CPU
		{268AD959-A9FC-4BB7-9021-EDCCE77FB97C}.Release|Any CPU.ActiveCfg = Release|Any CPU
		{268AD959-A9FC-4BB7-9021-EDCCE77FB97C}.Release|Any CPU.Build.0 = Release|Any CPU
		{99023D2E-1974-4D15-A665-728634003B78}.Debug|Any CPU.ActiveCfg = Debug|Any CPU
		{99023D2E-1974-4D15-A665-728634003B78}.Debug|Any CPU.Build.0 = Debug|Any CPU
		{99023D2E-1974-4D15-A665-728634003B78}.Release|Any CPU.ActiveCfg = Release|Any CPU
		{99023D2E-1974-4D15-A665-728634003B78}.Release|Any CPU.Build.0 = Release|Any CPU
		{4A972F3B-9381-4ADF-9008-C0D0D62D4DFA}.Debug|Any CPU.ActiveCfg = Debug|Any CPU
		{4A972F3B-9381-4ADF-9008-C0D0D62D4DFA}.Debug|Any CPU.Build.0 = Debug|Any CPU
		{4A972F3B-9381-4ADF-9008-C0D0D62D4DFA}.Release|Any CPU.ActiveCfg = Release|Any CPU
		{4A972F3B-9381-4ADF-9008-C0D0D62D4DFA}.Release|Any CPU.Build.0 = Release|Any CPU
		{D390C235-242C-4E92-9E0B-D2463E87B0F0}.Debug|Any CPU.ActiveCfg = Debug|Any CPU
		{D390C235-242C-4E92-9E0B-D2463E87B0F0}.Debug|Any CPU.Build.0 = Debug|Any CPU
		{D390C235-242C-4E92-9E0B-D2463E87B0F0}.Release|Any CPU.ActiveCfg = Release|Any CPU
		{D390C235-242C-4E92-9E0B-D2463E87B0F0}.Release|Any CPU.Build.0 = Release|Any CPU
		{8CEE82C9-1DD6-49DA-841F-AFE3A87D6396}.Debug|Any CPU.ActiveCfg = Debug|Any CPU
		{8CEE82C9-1DD6-49DA-841F-AFE3A87D6396}.Debug|Any CPU.Build.0 = Debug|Any CPU
		{8CEE82C9-1DD6-49DA-841F-AFE3A87D6396}.Release|Any CPU.ActiveCfg = Release|Any CPU
		{8CEE82C9-1DD6-49DA-841F-AFE3A87D6396}.Release|Any CPU.Build.0 = Release|Any CPU
	EndGlobalSection
	GlobalSection(SolutionProperties) = preSolution
		HideSolutionNode = FALSE
	EndGlobalSection
	GlobalSection(NestedProjects) = preSolution
		{56D0C66C-5BB8-48F8-AA51-61B09F1AAFF1} = {4DD347E7-5B27-4405-B9F1-F34D8092D9C5}
		{F91D3D96-58F0-4CE6-9D7D-AD65805E3B97} = {4DD347E7-5B27-4405-B9F1-F34D8092D9C5}
		{C0605531-E304-43AB-820C-C282A1748A27} = {4DD347E7-5B27-4405-B9F1-F34D8092D9C5}
		{FA2987F5-0C9E-4369-8F06-2E9A36ADBC81} = {4DD347E7-5B27-4405-B9F1-F34D8092D9C5}
		{D5AE48B5-DEDE-4916-9642-9E3533C877AE} = {4DD347E7-5B27-4405-B9F1-F34D8092D9C5}
		{9FD6D6CA-63FD-4B71-A288-96BAF620A791} = {4DD347E7-5B27-4405-B9F1-F34D8092D9C5}
		{F20620BD-CD1F-4A7C-99A9-6D3D4B0A1A53} = {4DD347E7-5B27-4405-B9F1-F34D8092D9C5}
		{CAB8205A-7F61-4A77-9A0E-AB1E73130214} = {28C88093-591C-4B43-8400-8CBFA4B4C3AA}
		{268AD959-A9FC-4BB7-9021-EDCCE77FB97C} = {28C88093-591C-4B43-8400-8CBFA4B4C3AA}
		{99023D2E-1974-4D15-A665-728634003B78} = {28C88093-591C-4B43-8400-8CBFA4B4C3AA}
		{8CEE82C9-1DD6-49DA-841F-AFE3A87D6396} = {28C88093-591C-4B43-8400-8CBFA4B4C3AA}
		{D390C235-242C-4E92-9E0B-D2463E87B0F0} = {39B44E1B-C778-4199-BA6E-829D7AECA98C}
	EndGlobalSection
EndGlobal
